# This file is generated by running "yarn install" inside your project.
# Manual changes might be lost - proceed with caution!

__metadata:
  version: 5
  cacheKey: 8

"burns-audio-wam@npm:^0.2.28":
  version: 0.2.28
  resolution: "burns-audio-wam@npm:0.2.28"
  checksum: ff895f4ac621ae59b198d56f9ab6090e86f9c253d4989309042481687d0f837a59ff68b3d26ca77cd7470abe0d8782d7fb8b43c9ce19647fb2515600a8f0f9d0
  languageName: node
  linkType: hard

"wam-community@workspace:.":
  version: 0.0.0-use.local
  resolution: "wam-community@workspace:."
  dependencies:
    burns-audio-wam: ^0.2.28
  languageName: unknown
  linkType: soft
